
Microsoft Visual Studio Solution File, Format Version 12.00
# Visual Studio Version 16
VisualStudioVersion = 16.0.29409.12
MinimumVisualStudioVersion = 10.0.40219.1
Project("{FAE04EC0-301F-11D3-BF4B-00C04F79EFBC}") = "ogrencinott", "ogrencinott\ogrencinott.csproj", "{763A2E45-7EF2-47C0-978E-2F1619F5EFBF}"
EndProject
Global
	GlobalSection(SolutionConfigurationPlatforms) = preSolution
		Debug|Any CPU = Debug|Any CPU
		Release|Any CPU = Release|Any CPU
	EndGlobalSection
	GlobalSection(ProjectConfigurationPlatforms) = postSolution
		{763A2E45-7EF2-47C0-978E-2F1619F5EFBF}.Debug|Any CPU.ActiveCfg = Debug|Any CPU
		{763A2E45-7EF2-47C0-978E-2F1619F5EFBF}.Debug|Any CPU.Build.0 = Debug|Any CPU
		{763A2E45-7EF2-47C0-978E-2F1619F5EFBF}.Release|Any CPU.ActiveCfg = Release|Any CPU
		{763A2E45-7EF2-47C0-978E-2F1619F5EFBF}.Release|Any CPU.Build.0 = Release|Any CPU
	EndGlobalSection
	GlobalSection(SolutionProperties) = preSolution
		HideSolutionNode = FALSE
	EndGlobalSection
	GlobalSection(ExtensibilityGlobals) = postSolution
		SolutionGuid = {4545B0B6-F14E-46DF-914A-1727071543A8}
	EndGlobalSection
EndGlobal
